
Microsoft Visual Studio Solution File, Format Version 12.00
# Visual Studio 2012
Project("{FAE04EC0-301F-11D3-BF4B-00C04F79EFBC}") = "WorkingWithXML", "WorkingWithXML\WorkingWithXML.csproj", "{F8EFBF1B-B7C3-4F54-8C9A-D08182704131}"
EndProject
Global
	GlobalSection(SolutionConfigurationPlatforms) = preSolution
		Debug|Any CPU = Debug|Any CPU
		Release|Any CPU = Release|Any CPU
	EndGlobalSection
	GlobalSection(ProjectConfigurationPlatforms) = postSolution
		{F8EFBF1B-B7C3-4F54-8C9A-D08182704131}.Debug|Any CPU.ActiveCfg = Debug|Any CPU
		{F8EFBF1B-B7C3-4F54-8C9A-D08182704131}.Debug|Any CPU.Build.0 = Debug|Any CPU
		{F8EFBF1B-B7C3-4F54-8C9A-D08182704131}.Release|Any CPU.ActiveCfg = Release|Any CPU
		{F8EFBF1B-B7C3-4F54-8C9A-D08182704131}.Release|Any CPU.Build.0 = Release|Any CPU
	EndGlobalSection
	GlobalSection(SolutionProperties) = preSolution
		HideSolutionNode = FALSE
	EndGlobalSection
EndGlobal
